// !$*UTF8*$!
{
	archiveVersion = 1;
	classes = {
	};
	objectVersion = 50;
	objects = {

/* Begin PBXBuildFile section */
		59FBAA1423A8DBDB004E9377 /* AppDelegate.swift in Sources */ = {isa = PBXBuildFile; fileRef = 59FBAA1323A8DBDB004E9377 /* AppDelegate.swift */; };
		59FBAA1623A8DBDB004E9377 /* ContentView.swift in Sources */ = {isa = PBXBuildFile; fileRef = 59FBAA1523A8DBDB004E9377 /* ContentView.swift */; };
		59FBAA1823A8DBDF004E9377 /* Assets.xcassets in Resources */ = {isa = PBXBuildFile; fileRef = 59FBAA1723A8DBDF004E9377 /* Assets.xcassets */; };
		59FBAA1B23A8DBDF004E9377 /* Preview Assets.xcassets in Resources */ = {isa = PBXBuildFile; fileRef = 59FBAA1A23A8DBDF004E9377 /* Preview Assets.xcassets */; };
		59FBAA1E23A8DBDF004E9377 /* Main.storyboard in Resources */ = {isa = PBXBuildFile; fileRef = 59FBAA1C23A8DBDF004E9377 /* Main.storyboard */; };
		59FBAA2F23A8EBB4004E9377 /* Code.swift in Sources */ = {isa = PBXBuildFile; fileRef = 59FBAA2E23A8EBB4004E9377 /* Code.swift */; };
		59FBAA3223A8EC23004E9377 /* URLExtension.swift in Sources */ = {isa = PBXBuildFile; fileRef = 59FBAA3123A8EC23004E9377 /* URLExtension.swift */; };
/* End PBXBuildFile section */

/* Begin PBXFileReference section */
		59FBAA1023A8DBDB004E9377 /* testMacApp.app */ = {isa = PBXFileReference; explicitFileType = wrapper.application; includeInIndex = 0; path = testMacApp.app; sourceTree = BUILT_PRODUCTS_DIR; };
		59FBAA1323A8DBDB004E9377 /* AppDelegate.swift */ = {isa = PBXFileReference; lastKnownFileType = sourcecode.swift; path = AppDelegate.swift; sourceTree = "<group>"; };
		59FBAA1523A8DBDB004E9377 /* ContentView.swift */ = {isa = PBXFileReference; lastKnownFileType = sourcecode.swift; path = ContentView.swift; sourceTree = "<group>"; };
		59FBAA1723A8DBDF004E9377 /* Assets.xcassets */ = {isa = PBXFileReference; lastKnownFileType = folder.assetcatalog; path = Assets.xcassets; sourceTree = "<group>"; };
		59FBAA1A23A8DBDF004E9377 /* Preview Assets.xcassets */ = {isa = PBXFileReference; lastKnownFileType = folder.assetcatalog; path = "Preview Assets.xcassets"; sourceTree = "<group>"; };
		59FBAA1D23A8DBDF004E9377 /* Base */ = {isa = PBXFileReference; lastKnownFileType = file.storyboard; name = Base; path = Base.lproj/Main.storyboard; sourceTree = "<group>"; };
		59FBAA1F23A8DBDF004E9377 /* Info.plist */ = {isa = PBXFileReference; lastKnownFileType = text.plist.xml; path = Info.plist; sourceTree = "<group>"; };
		59FBAA2023A8DBDF004E9377 /* testMacApp.entitlements */ = {isa = PBXFileReference; lastKnownFileType = text.plist.entitlements; path = testMacApp.entitlements; sourceTree = "<group>"; };
		59FBAA2E23A8EBB4004E9377 /* Code.swift */ = {isa = PBXFileReference; lastKnownFileType = sourcecode.swift; path = Code.swift; sourceTree = "<group>"; };
		59FBAA3123A8EC23004E9377 /* URLExtension.swift */ = {isa = PBXFileReference; lastKnownFileType = sourcecode.swift; path = URLExtension.swift; sourceTree = "<group>"; };
/* End PBXFileReference section */

/* Begin PBXFrameworksBuildPhase section */
		59FBAA0D23A8DBDB004E9377 /* Frameworks */ = {
			isa = PBXFrameworksBuildPhase;
			buildActionMask = 2147483647;
			files = (
			);
			runOnlyForDeploymentPostprocessing = 0;
		};
/* End PBXFrameworksBuildPhase section */

/* Begin PBXGroup section */
		59FBAA0723A8DBDB004E9377 = {
			isa = PBXGroup;
			children = (
				59FBAA1223A8DBDB004E9377 /* testMacApp */,
				59FBAA1123A8DBDB004E9377 /* Products */,
			);
			sourceTree = "<group>";
		};
		59FBAA1123A8DBDB004E9377 /* Products */ = {
			isa = PBXGroup;
			children = (
				59FBAA1023A8DBDB004E9377 /* testMacApp.app */,
			);
			name = Products;
			sourceTree = "<group>";
		};
		59FBAA1223A8DBDB004E9377 /* testMacApp */ = {
			isa = PBXGroup;
			children = (
				59FBAA3023A8EC04004E9377 /* Extension */,
				59FBAA1323A8DBDB004E9377 /* AppDelegate.swift */,
				59FBAA1523A8DBDB004E9377 /* ContentView.swift */,
				59FBAA1723A8DBDF004E9377 /* Assets.xcassets */,
				59FBAA1C23A8DBDF004E9377 /* Main.storyboard */,
				59FBAA1F23A8DBDF004E9377 /* Info.plist */,
				59FBAA2023A8DBDF004E9377 /* testMacApp.entitlements */,
				59FBAA1923A8DBDF004E9377 /* Preview Content */,
				59FBAA2E23A8EBB4004E9377 /* Code.swift */,
			);
			path = testMacApp;
			sourceTree = "<group>";
		};
		59FBAA1923A8DBDF004E9377 /* Preview Content */ = {
			isa = PBXGroup;
			children = (
				59FBAA1A23A8DBDF004E9377 /* Preview Assets.xcassets */,
			);
			path = "Preview Content";
			sourceTree = "<group>";
		};
		59FBAA3023A8EC04004E9377 /* Extension */ = {
			isa = PBXGroup;
			children = (
				59FBAA3123A8EC23004E9377 /* URLExtension.swift */,
			);
			path = Extension;
			sourceTree = "<group>";
		};
/* End PBXGroup section */

/* Begin PBXNativeTarget section */
		59FBAA0F23A8DBDB004E9377 /* testMacApp */ = {
			isa = PBXNativeTarget;
			buildConfigurationList = 59FBAA2323A8DBDF004E9377 /* Build configuration list for PBXNativeTarget "testMacApp" */;
			buildPhases = (
				59FBAA0C23A8DBDB004E9377 /* Sources */,
				59FBAA0D23A8DBDB004E9377 /* Frameworks */,
				59FBAA0E23A8DBDB004E9377 /* Resources */,
			);
			buildRules = (
			);
			dependencies = (
			);
			name = testMacApp;
			productName = testMacApp;
			productReference = 59FBAA1023A8DBDB004E9377 /* testMacApp.app */;
			productType = "com.apple.product-type.application";
		};
/* End PBXNativeTarget section */

/* Begin PBXProject section */
		59FBAA0823A8DBDB004E9377 /* Project object */ = {
			isa = PBXProject;
			attributes = {
				LastSwiftUpdateCheck = 1120;
				LastUpgradeCheck = 1120;
				ORGANIZATIONNAME = mintrocket;
				TargetAttributes = {
					59FBAA0F23A8DBDB004E9377 = {
						CreatedOnToolsVersion = 11.2.1;
					};
				};
			};
			buildConfigurationList = 59FBAA0B23A8DBDB004E9377 /* Build configuration list for PBXProject "testMacApp" */;
			compatibilityVersion = "Xcode 9.3";
			developmentRegion = en;
			hasScannedForEncodings = 0;
			knownRegions = (
				en,
				Base,
			);
			mainGroup = 59FBAA0723A8DBDB004E9377;
			productRefGroup = 59FBAA1123A8DBDB004E9377 /* Products */;
			projectDirPath = "";
			projectRoot = "";
			targets = (
				59FBAA0F23A8DBDB004E9377 /* testMacApp */,
			);
		};
/* End PBXProject section */

/* Begin PBXResourcesBuildPhase section */
		59FBAA0E23A8DBDB004E9377 /* Resources */ = {
			isa = PBXResourcesBuildPhase;
			buildActionMask = 2147483647;
			files = (
				59FBAA1E23A8DBDF004E9377 /* Main.storyboard in Resources */,
				59FBAA1B23A8DBDF004E9377 /* Preview Assets.xcassets in Resources */,
				59FBAA1823A8DBDF004E9377 /* Assets.xcassets in Resources */,
			);
			runOnlyForDeploymentPostprocessing = 0;
		};
/* End PBXResourcesBuildPhase section */

/* Begin PBXSourcesBuildPhase section */
		59FBAA0C23A8DBDB004E9377 /* Sources */ = {
			isa = PBXSourcesBuildPhase;
			buildActionMask = 2147483647;
			files = (
				59FBAA1623A8DBDB004E9377 /* ContentView.swift in Sources */,
				59FBAA3223A8EC23004E9377 /* URLExtension.swift in Sources */,
				59FBAA2F23A8EBB4004E9377 /* Code.swift in Sources */,
				59FBAA1423A8DBDB004E9377 /* AppDelegate.swift in Sources */,
			);
			runOnlyForDeploymentPostprocessing = 0;
		};
/* End PBXSourcesBuildPhase section */

/* Begin PBXVariantGroup section */
		59FBAA1C23A8DBDF004E9377 /* Main.storyboard */ = {
			isa = PBXVariantGroup;
			children = (
				59FBAA1D23A8DBDF004E9377 /* Base */,
			);
			name = Main.storyboard;
			sourceTree = "<group>";
		};
/* End PBXVariantGroup section */

/* Begin XCBuildConfiguration section */
		59FBAA2123A8DBDF004E9377 /* Debug */ = {
			isa = XCBuildConfiguration;
			buildSettings = {
				ALWAYS_SEARCH_USER_PATHS = NO;
				CLANG_ANALYZER_NONNULL = YES;
				CLANG_ANALYZER_NUMBER_OBJECT_CONVERSION = YES_AGGRESSIVE;
				CLANG_CXX_LANGUAGE_STANDARD = "gnu++14";
				CLANG_CXX_LIBRARY = "libc++";
				CLANG_ENABLE_MODULES = YES;
				CLANG_ENABLE_OBJC_ARC = YES;
				CLANG_ENABLE_OBJC_WEAK = YES;
				CLANG_WARN_BLOCK_CAPTURE_AUTORELEASING = YES;
				CLANG_WARN_BOOL_CONVERSION = YES;
				CLANG_WARN_COMMA = YES;
				CLANG_WARN_CONSTANT_CONVERSION = YES;
				CLANG_WARN_DEPRECATED_OBJC_IMPLEMENTATIONS = YES;
				CLANG_WARN_DIRECT_OBJC_ISA_USAGE = YES_ERROR;
				CLANG_WARN_DOCUMENTATION_COMMENTS = YES;
				CLANG_WARN_EMPTY_BODY = YES;
				CLANG_WARN_ENUM_CONVERSION = YES;
				CLANG_WARN_INFINITE_RECURSION = YES;
				CLANG_WARN_INT_CONVERSION = YES;
				CLANG_WARN_NON_LITERAL_NULL_CONVERSION = YES;
				CLANG_WARN_OBJC_IMPLICIT_RETAIN_SELF = YES;
				CLANG_WARN_OBJC_LITERAL_CONVERSION = YES;
				CLANG_WARN_OBJC_ROOT_CLASS = YES_ERROR;
				CLANG_WARN_RANGE_LOOP_ANALYSIS = YES;
				CLANG_WARN_STRICT_PROTOTYPES = YES;
				CLANG_WARN_SUSPICIOUS_MOVE = YES;
				CLANG_WARN_UNGUARDED_AVAILABILITY = YES_AGGRESSIVE;
				CLANG_WARN_UNREACHABLE_CODE = YES;
				CLANG_WARN__DUPLICATE_METHOD_MATCH = YES;
				COPY_PHASE_STRIP = NO;
				DEBUG_INFORMATION_FORMAT = dwarf;
				ENABLE_STRICT_OBJC_MSGSEND = YES;
				ENABLE_TESTABILITY = YES;
				GCC_C_LANGUAGE_STANDARD = gnu11;
				GCC_DYNAMIC_NO_PIC = NO;
				GCC_NO_COMMON_BLOCKS = YES;
				GCC_OPTIMIZATION_LEVEL = 0;
				GCC_PREPROCESSOR_DEFINITIONS = (
					"DEBUG=1",
					"$(inherited)",
				);
				GCC_WARN_64_TO_32_BIT_CONVERSION = YES;
				GCC_WARN_ABOUT_RETURN_TYPE = YES_ERROR;
				GCC_WARN_UNDECLARED_SELECTOR = YES;
				GCC_WARN_UNINITIALIZED_AUTOS = YES_AGGRESSIVE;
				GCC_WARN_UNUSED_FUNCTION = YES;
				GCC_WARN_UNUSED_VARIABLE = YES;
				MACOSX_DEPLOYMENT_TARGET = 10.15;
				MTL_ENABLE_DEBUG_INFO = INCLUDE_SOURCE;
				MTL_FAST_MATH = YES;
				ONLY_ACTIVE_ARCH = YES;
				SDKROOT = macosx;
				SWIFT_ACTIVE_COMPILATION_CONDITIONS = DEBUG;
				SWIFT_OPTIMIZATION_LEVEL = "-Onone";
			};
			name = Debug;
		};
		59FBAA2223A8DBDF004E9377 /* Release */ = {
			isa = XCBuildConfiguration;
			buildSettings = {
				ALWAYS_SEARCH_USER_PATHS = NO;
				CLANG_ANALYZER_NONNULL = YES;
				CLANG_ANALYZER_NUMBER_OBJECT_CONVERSION = YES_AGGRESSIVE;
				CLANG_CXX_LANGUAGE_STANDARD = "gnu++14";
				CLANG_CXX_LIBRARY = "libc++";
				CLANG_ENABLE_MODULES = YES;
				CLANG_ENABLE_OBJC_ARC = YES;
				CLANG_ENABLE_OBJC_WEAK = YES;
				CLANG_WARN_BLOCK_CAPTURE_AUTORELEASING = YES;
				CLANG_WARN_BOOL_CONVERSION = YES;
				CLANG_WARN_COMMA = YES;
				CLANG_WARN_CONSTANT_CONVERSION = YES;
				CLANG_WARN_DEPRECATED_OBJC_IMPLEMENTATIONS = YES;
				CLANG_WARN_DIRECT_OBJC_ISA_USAGE = YES_ERROR;
				CLANG_WARN_DOCUMENTATION_COMMENTS = YES;
				CLANG_WARN_EMPTY_BODY = YES;
				CLANG_WARN_ENUM_CONVERSION = YES;
				CLANG_WARN_INFINITE_RECURSION = YES;
				CLANG_WARN_INT_CONVERSION = YES;
				CLANG_WARN_NON_LITERAL_NULL_CONVERSION = YES;
				CLANG_WARN_OBJC_IMPLICIT_RETAIN_SELF = YES;
				CLANG_WARN_OBJC_LITERAL_CONVERSION = YES;
				CLANG_WARN_OBJC_ROOT_CLASS = YES_ERROR;
				CLANG_WARN_RANGE_LOOP_ANALYSIS = YES;
				CLANG_WARN_STRICT_PROTOTYPES = YES;
				CLANG_WARN_SUSPICIOUS_MOVE = YES;
				CLANG_WARN_UNGUARDED_AVAILABILITY = YES_AGGRESSIVE;
				CLANG_WARN_UNREACHABLE_CODE = YES;
				CLANG_WARN__DUPLICATE_METHOD_MATCH = YES;
				COPY_PHASE_STRIP = NO;
				DEBUG_INFORMATION_FORMAT = "dwarf-with-dsym";
				ENABLE_NS_ASSERTIONS = NO;
				ENABLE_STRICT_OBJC_MSGSEND = YES;
				GCC_C_LANGUAGE_STANDARD = gnu11;
				GCC_NO_COMMON_BLOCKS = YES;
				GCC_WARN_64_TO_32_BIT_CONVERSION = YES;
				GCC_WARN_ABOUT_RETURN_TYPE = YES_ERROR;
				GCC_WARN_UNDECLARED_SELECTOR = YES;
				GCC_WARN_UNINITIALIZED_AUTOS = YES_AGGRESSIVE;
				GCC_WARN_UNUSED_FUNCTION = YES;
				GCC_WARN_UNUSED_VARIABLE = YES;
				MACOSX_DEPLOYMENT_TARGET = 10.15;
				MTL_ENABLE_DEBUG_INFO = NO;
				MTL_FAST_MATH = YES;
				SDKROOT = macosx;
				SWIFT_COMPILATION_MODE = wholemodule;
				SWIFT_OPTIMIZATION_LEVEL = "-O";
			};
			name = Release;
		};
		59FBAA2423A8DBDF004E9377 /* Debug */ = {
			isa = XCBuildConfiguration;
			buildSettings = {
				ASSETCATALOG_COMPILER_APPICON_NAME = AppIcon;
				CODE_SIGN_ENTITLEMENTS = testMacApp/testMacApp.entitlements;
				CODE_SIGN_STYLE = Automatic;
				COMBINE_HIDPI_IMAGES = YES;
				DEVELOPMENT_ASSET_PATHS = "\"testMacApp/Preview Content\"";
				DEVELOPMENT_TEAM = 983G5U62PZ;
				ENABLE_HARDENED_RUNTIME = YES;
				ENABLE_PREVIEWS = YES;
				INFOPLIST_FILE = testMacApp/Info.plist;
				LD_RUNPATH_SEARCH_PATHS = (
					"$(inherited)",
					"@executable_path/../Frameworks",
				);
				MACOSX_DEPLOYMENT_TARGET = 10.15;
				PRODUCT_BUNDLE_IDENTIFIER = ru.testMacApp.testMacApp;
				PRODUCT_NAME = "$(TARGET_NAME)";
				SWIFT_VERSION = 5.0;
			};
			name = Debug;
		};
		59FBAA2523A8DBDF004E9377 /* Release */ = {
			isa = XCBuildConfiguration;
			buildSettings = {
				ASSETCATALOG_COMPILER_APPICON_NAME = AppIcon;
				CODE_SIGN_ENTITLEMENTS = testMacApp/testMacApp.entitlements;
				CODE_SIGN_STYLE = Automatic;
				COMBINE_HIDPI_IMAGES = YES;
				DEVELOPMENT_ASSET_PATHS = "\"testMacApp/Preview Content\"";
				DEVELOPMENT_TEAM = 983G5U62PZ;
				ENABLE_HARDENED_RUNTIME = YES;
				ENABLE_PREVIEWS = YES;
				INFOPLIST_FILE = testMacApp/Info.plist;
				LD_RUNPATH_SEARCH_PATHS = (
					"$(inherited)",
					"@executable_path/../Frameworks",
				);
				MACOSX_DEPLOYMENT_TARGET = 10.15;
				PRODUCT_BUNDLE_IDENTIFIER = ru.testMacApp.testMacApp;
				PRODUCT_NAME = "$(TARGET_NAME)";
				SWIFT_VERSION = 5.0;
			};
			name = Release;
		};
/* End XCBuildConfiguration section */

/* Begin XCConfigurationList section */
		59FBAA0B23A8DBDB004E9377 /* Build configuration list for PBXProject "testMacApp" */ = {
			isa = XCConfigurationList;
			buildConfigurations = (
				59FBAA2123A8DBDF004E9377 /* Debug */,
				59FBAA2223A8DBDF004E9377 /* Release */,
			);
			defaultConfigurationIsVisible = 0;
			defaultConfigurationName = Release;
		};
		59FBAA2323A8DBDF004E9377 /* Build configuration list for PBXNativeTarget "testMacApp" */ = {
			isa = XCConfigurationList;
			buildConfigurations = (
				59FBAA2423A8DBDF004E9377 /* Debug */,
				59FBAA2523A8DBDF004E9377 /* Release */,
			);
			defaultConfigurationIsVisible = 0;
			defaultConfigurationName = Release;
		};
/* End XCConfigurationList section */
	};
	rootObject = 59FBAA0823A8DBDB004E9377 /* Project object */;
}
